
Microsoft Visual Studio Solution File, Format Version 12.00
# Visual Studio 11
Project("{FAE04EC0-301F-11D3-BF4B-00C04F79EFBC}") = "StronglyTyped", "StronglyTyped.csproj", "{7287B7B0-FB78-4987-8FB8-44DDBF483C4C}"
EndProject
Global
	GlobalSection(SolutionConfigurationPlatforms) = preSolution
		Debug|Any CPU = Debug|Any CPU
		Release|Any CPU = Release|Any CPU
	EndGlobalSection
	GlobalSection(ProjectConfigurationPlatforms) = postSolution
		{7287B7B0-FB78-4987-8FB8-44DDBF483C4C}.Debug|Any CPU.ActiveCfg = Debug|Any CPU
		{7287B7B0-FB78-4987-8FB8-44DDBF483C4C}.Debug|Any CPU.Build.0 = Debug|Any CPU
		{7287B7B0-FB78-4987-8FB8-44DDBF483C4C}.Release|Any CPU.ActiveCfg = Release|Any CPU
		{7287B7B0-FB78-4987-8FB8-44DDBF483C4C}.Release|Any CPU.Build.0 = Release|Any CPU
	EndGlobalSection
	GlobalSection(SolutionProperties) = preSolution
		HideSolutionNode = FALSE
	EndGlobalSection
EndGlobal
